
Microsoft Visual Studio Solution File, Format Version 12.00
# Visual Studio Version 17
VisualStudioVersion = 17.0.32126.317
MinimumVisualStudioVersion = 10.0.40219.1
Project("{FAE04EC0-301F-11D3-BF4B-00C04F79EFBC}") = "LotoHistory", "LotoHistory\LotoHistory.csproj", "{9FFBE496-5612-423F-8D7F-DB856AAF653E}"
EndProject
Global
	GlobalSection(SolutionConfigurationPlatforms) = preSolution
		Debug|Any CPU = Debug|Any CPU
		Release|Any CPU = Release|Any CPU
	EndGlobalSection
	GlobalSection(ProjectConfigurationPlatforms) = postSolution
		{9FFBE496-5612-423F-8D7F-DB856AAF653E}.Debug|Any CPU.ActiveCfg = Debug|Any CPU
		{9FFBE496-5612-423F-8D7F-DB856AAF653E}.Debug|Any CPU.Build.0 = Debug|Any CPU
		{9FFBE496-5612-423F-8D7F-DB856AAF653E}.Release|Any CPU.ActiveCfg = Release|Any CPU
		{9FFBE496-5612-423F-8D7F-DB856AAF653E}.Release|Any CPU.Build.0 = Release|Any CPU
	EndGlobalSection
	GlobalSection(SolutionProperties) = preSolution
		HideSolutionNode = FALSE
	EndGlobalSection
	GlobalSection(ExtensibilityGlobals) = postSolution
		SolutionGuid = {7122FDB6-C667-48D2-A678-5042781857FA}
	EndGlobalSection
EndGlobal
